github.com/darkskiez/eckr v0.0.0-20170219233024-d1f46d9127c3 h1:+8QxQmQ+BLqthj0e1dbQvf1i4nuvV7Bkp5v325+4CYg=
github.com/darkskiez/eckr v0.0.0-20170219233024-d1f46d9127c3/go.mod h1:1GOfKM7fu3t4yGPU///gJyRQIk0RciAxjNxskcFAOSM=
github.com/darkskiez/u2fhost v1.0.0 h1:eF4LgLyEo+RoD0WPwn1AfWTxktfTx4xeI3mGiaeYB9U=
github.com/darkskiez/u2fhost v1.0.0/go.mod h1:84RaSOapjSAuTQDRPV0HZudRIX3mHMkErltuE6GHVOY=
github.com/darkskiez/u2fhost v1.1.0 h1:qwuKIkmsnNcbBcMpIQu3OBT325/zKJjqM/rYr5JpUa0=
github.com/darkskiez/u2fhost v1.1.0/go.mod h1:CQOkvROMRjJia0e0uxD35+SQSfQYYAYUt0nkGWJwXcM=
github.com/flynn/hid v0.0.0-20180808030456-397fb4944560 h1:IhvRQh+JNwZ/VQHifVm34XW4fTsllMqUHvJiZwGO6Ds=
github.com/flynn/hid v0.0.0-20180808030456-397fb4944560/go.mod h1:Osz+xPHFsGWK9kZCEVcwXazcF/CHjscCVZosNFgwUIY=
github.com/flynn/hid v0.0.0-20190502022136-f1b9b6cc019a h1:fsyWnwbywFpHJS4T55vDW+UUeWP2WomJbB45/jf4If4=
github.com/flynn/hid v0.0.0-20190502022136-f1b9b6cc019a/go.mod h1:Osz+xPHFsGWK9kZCEVcwXazcF/CHjscCVZosNFgwUIY=
github.com/flynn/u2f v0.0.0-20180613185708-15554eb68e5d h1:2D6Rp/MRcrKnRFr7kfgBOJnJPFN0jPfc36ggct5MaK0=
github.com/flynn/u2f v0.0.0-20180613185708-15554eb68e5d/go.mod h1:shcCQPgKtaJz4obqb6Si031WgtSrW+Tj+ZLq/mRNrM8=
github.com/fsnotify/fsnotify v1.5.1 h1:mZcQUHVQUQWoPXXtuf9yuEXKudkV2sx1E06UadKWpgI=
github.com/fsnotify/fsnotify v1.5.1/go.mod h1:T3375wBYaZdLLcVNkcVbzGHY7f1l/uK5T5Ai1i3InKU=
golang.org/x/crypto v0.0.0-20210817164053-32db794688a5 h1:HWj/xjIHfjYU5nVXpTM0s39J9CbLn7Cc5a7IC5rwsMQ=
golang.org/x/crypto v0.0.0-20210817164053-32db794688a5/go.mod h1:GvvjBRRGRdwPK5ydBHafDWAxML/pGHZbMvKqRZ5+Abc=
golang.org/x/net v0.0.0-20210226172049-e18ecbb05110/go.mod h1:m0MpNAwzfU5UDzcl9v0D8zg8gWTRqZa9RBIspLL5mdg=
golang.org/x/sys v0.0.0-20201119102817-f84b799fce68/go.mod h1:h1NjWce9XRLGQEsW7wpKNCjG9DtNlClVuFLEZdDNbEs=
golang.org/x/sys v0.0.0-20210615035016-665e8c7367d1/go.mod h1:oPkhp1MJrh7nUepCBck5+mAzfO9JrbApNNgaTdGDITg=
golang.org/x/sys v0.0.0-20210630005230-0f9fa26af87c h1:F1jZWGFhYfh0Ci55sIpILtKKK8p3i2/krTr0H1rg74I=
golang.org/x/sys v0.0.0-20210630005230-0f9fa26af87c/go.mod h1:oPkhp1MJrh7nUepCBck5+mAzfO9JrbApNNgaTdGDITg=
golang.org/x/term v0.0.0-20201126162022-7de9c90e9dd1 h1:v+OssWQX+hTHEmOBgwxdZxK4zHq3yOs8F9J7mk0PY8E=
golang.org/x/term v0.0.0-20201126162022-7de9c90e9dd1/go.mod h1:bj7SfCRtBDWHUb9snDiAeCFNEtKQo2Wmx5Cou7ajbmo=
golang.org/x/text v0.3.3/go.mod h1:5Zoc/QRtKVWzQhOtBMvqHzDpF6irO9z98xDceosuGiQ=
golang.org/x/tools v0.0.0-20180917221912-90fa682c2a6e/go.mod h1:n7NCudcB/nEzxVGmLbDWY5pfWTLqBcC2KZ6jyYvM4mQ=
